<?xml version="1.0" encoding="utf-8"?>
<Project ToolsVersion="4.0" xmlns="http://schemas.microsoft.com/developer/msbuild/2003">
  <ItemGroup>
    <Filter Include="Source Files">
      <UniqueIdentifier>{72923cd6-5355-4f35-8ef5-82670c56c73d}</UniqueIdentifier>
      <Extensions>cpp;c;cxx;rc;def;r;odl;idl;hpj;bat</Extensions>
    </Filter>
    <Filter Include="Header Files">
      <UniqueIdentifier>{a7b5f46e-b8b6-4c86-b41f-4e4da75657be}</UniqueIdentifier>
      <Extensions>h;hpp;hxx;hm;inl</Extensions>
    </Filter>
    <Filter Include="Resource Files">
      <UniqueIdentifier>{d269edb4-ae49-4ac5-9b7d-781b06675e05}</UniqueIdentifier>
      <Extensions>ico;cur;bmp;dlg;rc2;rct;bin;cnt;rtf;gif;jpg;jpeg;jpe</Extensions>
    </Filter>
  </ItemGroup>
  <ItemGroup>
    <ClCompile Include="ChildFrm.cpp">
      <Filter>Source Files</Filter>
    </ClCompile>
    <ClCompile Include="kingbmp.cpp">
      <Filter>Source Files</Filter>
    </ClCompile>
    <ClCompile Include="KINGGIF.cpp">
      <Filter>Source Files</Filter>
    </ClCompile>
    <ClCompile Include="kingimage.cpp">
      <Filter>Source Files</Filter>
    </ClCompile>
    <ClCompile Include="kingimageDoc.cpp">
      <Filter>Source Files</Filter>
    </ClCompile>
    <ClCompile Include="kingimageView.cpp">
      <Filter>Source Files</Filter>
    </ClCompile>
    <ClCompile Include="KINGJPG.cpp">
      <Filter>Source Files</Filter>
    </ClCompile>
    <ClCompile Include="KINGPCX.cpp">
      <Filter>Source Files</Filter>
    </ClCompile>
    <ClCompile Include="MainFrm.cpp">
      <Filter>Source Files</Filter>
    </ClCompile>
    <ClCompile Include="picture.cpp">
      <Filter>Source Files</Filter>
    </ClCompile>
    <ClCompile Include="StdAfx.cpp">
      <Filter>Source Files</Filter>
    </ClCompile>
  </ItemGroup>
  <ItemGroup>
    <ResourceCompile Include="kingimage.rc">
      <Filter>Source Files</Filter>
    </ResourceCompile>
  </ItemGroup>
  <ItemGroup>
    <ClInclude Include="ChildFrm.h">
      <Filter>Header Files</Filter>
    </ClInclude>
    <ClInclude Include="kingbmp.h">
      <Filter>Header Files</Filter>
    </ClInclude>
    <ClInclude Include="KINGGIF.h">
      <Filter>Header Files</Filter>
    </ClInclude>
    <ClInclude Include="kingimage.h">
      <Filter>Header Files</Filter>
    </ClInclude>
    <ClInclude Include="kingimageDoc.h">
      <Filter>Header Files</Filter>
    </ClInclude>
    <ClInclude Include="kingimageView.h">
      <Filter>Header Files</Filter>
    </ClInclude>
    <ClInclude Include="KINGJPG.h">
      <Filter>Header Files</Filter>
    </ClInclude>
    <ClInclude Include="KINGPCX.h">
      <Filter>Header Files</Filter>
    </ClInclude>
    <ClInclude Include="MainFrm.h">
      <Filter>Header Files</Filter>
    </ClInclude>
    <ClInclude Include="picture.h">
      <Filter>Header Files</Filter>
    </ClInclude>
    <ClInclude Include="Resource.h">
      <Filter>Header Files</Filter>
    </ClInclude>
    <ClInclude Include="StdAfx.h">
      <Filter>Header Files</Filter>
    </ClInclude>
  </ItemGroup>
  <ItemGroup>
    <None Include="res\kingimage.ico">
      <Filter>Resource Files</Filter>
    </None>
    <None Include="res\kingimage.rc2">
      <Filter>Resource Files</Filter>
    </None>
    <None Include="res\kingimageDoc.ico">
      <Filter>Resource Files</Filter>
    </None>
    <None Include="res\Toolbar.bmp">
      <Filter>Resource Files</Filter>
    </None>
    <None Include="ReadMe.txt" />
  </ItemGroup>
</Project>